// !$*UTF8*$!
{
	archiveVersion = 1;
	classes = {
	};
	objectVersion = 56;
	objects = {

/* Begin PBXBuildFile section */
		6400DC332C19B780006DF41F /* TournamentsView.swift in Sources */ = {isa = PBXBuildFile; fileRef = 6400DC322C19B780006DF41F /* TournamentsView.swift */; };
		6400DC352C19B790006DF41F /* AddTournamentView.swift in Sources */ = {isa = PBXBuildFile; fileRef = 6400DC342C19B790006DF41F /* AddTournamentView.swift */; };
		6400DC3A2C19B7D7006DF41F /* StatisticsView.swift in Sources */ = {isa = PBXBuildFile; fileRef = 6400DC392C19B7D7006DF41F /* StatisticsView.swift */; };
		6400DC3D2C19B7F5006DF41F /* SettingsView.swift in Sources */ = {isa = PBXBuildFile; fileRef = 6400DC3C2C19B7F5006DF41F /* SettingsView.swift */; };
		6400DC402C19F092006DF41F /* ReviewerOnboardingView.swift in Sources */ = {isa = PBXBuildFile; fileRef = 6400DC3F2C19F092006DF41F /* ReviewerOnboardingView.swift */; };
		6400DC422C19F0A7006DF41F /* UserOnboardingView.swift in Sources */ = {isa = PBXBuildFile; fileRef = 6400DC412C19F0A7006DF41F /* UserOnboardingView.swift */; };
		6400DC4A2C1A1F13006DF41F /* LoadingView.swift in Sources */ = {isa = PBXBuildFile; fileRef = 6400DC492C1A1F13006DF41F /* LoadingView.swift */; };
		6400DC4D2C1A3735006DF41F /* TournamentModel.swift in Sources */ = {isa = PBXBuildFile; fileRef = 6400DC4C2C1A3735006DF41F /* TournamentModel.swift */; };
		6400DC4F2C1A4850006DF41F /* CustomTabBar.swift in Sources */ = {isa = PBXBuildFile; fileRef = 6400DC4E2C1A4850006DF41F /* CustomTabBar.swift */; };
		6400DC512C1A6898006DF41F /* NotchChecker.swift in Sources */ = {isa = PBXBuildFile; fileRef = 6400DC502C1A6898006DF41F /* NotchChecker.swift */; };
		6400DC532C1B61E0006DF41F /* MatchesModel.swift in Sources */ = {isa = PBXBuildFile; fileRef = 6400DC522C1B61E0006DF41F /* MatchesModel.swift */; };
		6400DC572C1BA66A006DF41F /* NotificationsView.swift in Sources */ = {isa = PBXBuildFile; fileRef = 6400DC562C1BA66A006DF41F /* NotificationsView.swift */; };
		6400DC5B2C1BBF8F006DF41F /* CustomTextField.swift in Sources */ = {isa = PBXBuildFile; fileRef = 6400DC5A2C1BBF8F006DF41F /* CustomTextField.swift */; };
		6400DC5E2C1C77BE006DF41F /* EachTournamentView.swift in Sources */ = {isa = PBXBuildFile; fileRef = 6400DC5D2C1C77BE006DF41F /* EachTournamentView.swift */; };
		642D0E282C2205D600A978FF /* HomeView.swift in Sources */ = {isa = PBXBuildFile; fileRef = 642D0E272C2205D600A978FF /* HomeView.swift */; };
		642D0E2F2C23362F00A978FF /* GoogleService-Info.plist in Resources */ = {isa = PBXBuildFile; fileRef = 642D0E2E2C23362F00A978FF /* GoogleService-Info.plist */; };
		642E94CC2C18FC6D00478AB2 /* DotaDairyApp.swift in Sources */ = {isa = PBXBuildFile; fileRef = 642E94CB2C18FC6D00478AB2 /* DotaDairyApp.swift */; };
		642E94CE2C18FC6D00478AB2 /* ContentView.swift in Sources */ = {isa = PBXBuildFile; fileRef = 642E94CD2C18FC6D00478AB2 /* ContentView.swift */; };
		642E94D02C18FC6E00478AB2 /* Assets.xcassets in Resources */ = {isa = PBXBuildFile; fileRef = 642E94CF2C18FC6E00478AB2 /* Assets.xcassets */; };
		642E94D32C18FC6E00478AB2 /* Preview Assets.xcassets in Resources */ = {isa = PBXBuildFile; fileRef = 642E94D22C18FC6E00478AB2 /* Preview Assets.xcassets */; };
		642E94DB2C18FCA400478AB2 /* MatchesView.swift in Sources */ = {isa = PBXBuildFile; fileRef = 642E94DA2C18FCA400478AB2 /* MatchesView.swift */; };
		642E94DE2C18FD3500478AB2 /* ColorScheme.swift in Sources */ = {isa = PBXBuildFile; fileRef = 642E94DD2C18FD3500478AB2 /* ColorScheme.swift */; };
		642E94E12C19086200478AB2 /* AddMatchView.swift in Sources */ = {isa = PBXBuildFile; fileRef = 642E94E02C19086200478AB2 /* AddMatchView.swift */; };
		64A3385A2C1FAB08007BA594 /* NotificationService.swift in Sources */ = {isa = PBXBuildFile; fileRef = 64A338592C1FAB08007BA594 /* NotificationService.swift */; };
		64A3385E2C1FAB08007BA594 /* OneSignalNotificationServiceExtension.appex in Embed Foundation Extensions */ = {isa = PBXBuildFile; fileRef = 64A338572C1FAB08007BA594 /* OneSignalNotificationServiceExtension.appex */; settings = {ATTRIBUTES = (RemoveHeadersOnCopy, ); }; };
		64A338652C2051AF007BA594 /* AppMetricaAdSupport in Frameworks */ = {isa = PBXBuildFile; productRef = 64A338642C2051AF007BA594 /* AppMetricaAdSupport */; };
		64A338672C2051AF007BA594 /* AppMetricaCore in Frameworks */ = {isa = PBXBuildFile; productRef = 64A338662C2051AF007BA594 /* AppMetricaCore */; };
		64A338692C2051AF007BA594 /* AppMetricaCrashes in Frameworks */ = {isa = PBXBuildFile; productRef = 64A338682C2051AF007BA594 /* AppMetricaCrashes */; };
		64A3386B2C2051AF007BA594 /* AppMetricaWebKit in Frameworks */ = {isa = PBXBuildFile; productRef = 64A3386A2C2051AF007BA594 /* AppMetricaWebKit */; };
		64A3386E2C2051F4007BA594 /* FirebaseRemoteConfig in Frameworks */ = {isa = PBXBuildFile; productRef = 64A3386D2C2051F4007BA594 /* FirebaseRemoteConfig */; };
		64A5A8832C21071100EF25CA /* EachMatchView.swift in Sources */ = {isa = PBXBuildFile; fileRef = 64A5A8822C21071100EF25CA /* EachMatchView.swift */; };
		64E53A7E2C1ECE81009A38C5 /* WebViewModel.swift in Sources */ = {isa = PBXBuildFile; fileRef = 64E53A7D2C1ECE81009A38C5 /* WebViewModel.swift */; };
		64E53A812C1ED0A9009A38C5 /* ApphudSDK in Frameworks */ = {isa = PBXBuildFile; productRef = 64E53A802C1ED0A9009A38C5 /* ApphudSDK */; };
		64E53A982C1ED537009A38C5 /* OneSignalFramework in Frameworks */ = {isa = PBXBuildFile; productRef = 64E53A972C1ED537009A38C5 /* OneSignalFramework */; };
		64E53A9A2C1ED537009A38C5 /* OneSignalInAppMessages in Frameworks */ = {isa = PBXBuildFile; productRef = 64E53A992C1ED537009A38C5 /* OneSignalInAppMessages */; };
		64E6258A2C287DF000E7E4AF /* FirebaseViewModel.swift in Sources */ = {isa = PBXBuildFile; fileRef = 64E625892C287DF000E7E4AF /* FirebaseViewModel.swift */; };
		64E6258C2C29B65D00E7E4AF /* CookiesWebView.swift in Sources */ = {isa = PBXBuildFile; fileRef = 64E6258B2C29B65D00E7E4AF /* CookiesWebView.swift */; };
		64E625902C2C5F9600E7E4AF /* DataModel.swift in Sources */ = {isa = PBXBuildFile; fileRef = 64E6258F2C2C5F9600E7E4AF /* DataModel.swift */; };
		64E625922C2CC70700E7E4AF /* OnboardingViewModel.swift in Sources */ = {isa = PBXBuildFile; fileRef = 64E625912C2CC70700E7E4AF /* OnboardingViewModel.swift */; };
/* End PBXBuildFile section */

/* Begin PBXContainerItemProxy section */
		64A3385C2C1FAB08007BA594 /* PBXContainerItemProxy */ = {
			isa = PBXContainerItemProxy;
			containerPortal = 642E94C02C18FC6D00478AB2 /* Project object */;
			proxyType = 1;
			remoteGlobalIDString = 64A338562C1FAB08007BA594;
			remoteInfo = OneSignalNotificationServiceExtension;
		};
/* End PBXContainerItemProxy section */

/* Begin PBXCopyFilesBuildPhase section */
		64E53A912C1ED3B0009A38C5 /* Embed Foundation Extensions */ = {
			isa = PBXCopyFilesBuildPhase;
			buildActionMask = 2147483647;
			dstPath = "";
			dstSubfolderSpec = 13;
			files = (
				64A3385E2C1FAB08007BA594 /* OneSignalNotificationServiceExtension.appex in Embed Foundation Extensions */,
			);
			name = "Embed Foundation Extensions";
			runOnlyForDeploymentPostprocessing = 0;
		};
/* End PBXCopyFilesBuildPhase section */

/* Begin PBXFileReference section */
		6400DC322C19B780006DF41F /* TournamentsView.swift */ = {isa = PBXFileReference; lastKnownFileType = sourcecode.swift; path = TournamentsView.swift; sourceTree = "<group>"; };
		6400DC342C19B790006DF41F /* AddTournamentView.swift */ = {isa = PBXFileReference; lastKnownFileType = sourcecode.swift; path = AddTournamentView.swift; sourceTree = "<group>"; };
		6400DC392C19B7D7006DF41F /* StatisticsView.swift */ = {isa = PBXFileReference; lastKnownFileType = sourcecode.swift; path = StatisticsView.swift; sourceTree = "<group>"; };
		6400DC3C2C19B7F5006DF41F /* SettingsView.swift */ = {isa = PBXFileReference; lastKnownFileType = sourcecode.swift; path = SettingsView.swift; sourceTree = "<group>"; };
		6400DC3F2C19F092006DF41F /* ReviewerOnboardingView.swift */ = {isa = PBXFileReference; lastKnownFileType = sourcecode.swift; path = ReviewerOnboardingView.swift; sourceTree = "<group>"; };
		6400DC412C19F0A7006DF41F /* UserOnboardingView.swift */ = {isa = PBXFileReference; lastKnownFileType = sourcecode.swift; path = UserOnboardingView.swift; sourceTree = "<group>"; };
		6400DC492C1A1F13006DF41F /* LoadingView.swift */ = {isa = PBXFileReference; lastKnownFileType = sourcecode.swift; path = LoadingView.swift; sourceTree = "<group>"; };
		6400DC4C2C1A3735006DF41F /* TournamentModel.swift */ = {isa = PBXFileReference; lastKnownFileType = sourcecode.swift; path = TournamentModel.swift; sourceTree = "<group>"; };
		6400DC4E2C1A4850006DF41F /* CustomTabBar.swift */ = {isa = PBXFileReference; lastKnownFileType = sourcecode.swift; path = CustomTabBar.swift; sourceTree = "<group>"; };
		6400DC502C1A6898006DF41F /* NotchChecker.swift */ = {isa = PBXFileReference; lastKnownFileType = sourcecode.swift; path = NotchChecker.swift; sourceTree = "<group>"; };
		6400DC522C1B61E0006DF41F /* MatchesModel.swift */ = {isa = PBXFileReference; lastKnownFileType = sourcecode.swift; path = MatchesModel.swift; sourceTree = "<group>"; };
		6400DC562C1BA66A006DF41F /* NotificationsView.swift */ = {isa = PBXFileReference; lastKnownFileType = sourcecode.swift; path = NotificationsView.swift; sourceTree = "<group>"; };
		6400DC5A2C1BBF8F006DF41F /* CustomTextField.swift */ = {isa = PBXFileReference; lastKnownFileType = sourcecode.swift; path = CustomTextField.swift; sourceTree = "<group>"; };
		6400DC5D2C1C77BE006DF41F /* EachTournamentView.swift */ = {isa = PBXFileReference; lastKnownFileType = sourcecode.swift; path = EachTournamentView.swift; sourceTree = "<group>"; };
		642D0E272C2205D600A978FF /* HomeView.swift */ = {isa = PBXFileReference; lastKnownFileType = sourcecode.swift; path = HomeView.swift; sourceTree = "<group>"; };
		642D0E2E2C23362F00A978FF /* GoogleService-Info.plist */ = {isa = PBXFileReference; fileEncoding = 4; lastKnownFileType = text.plist.xml; path = "GoogleService-Info.plist"; sourceTree = "<group>"; };
		642E94C82C18FC6D00478AB2 /* DotaDairy.app */ = {isa = PBXFileReference; explicitFileType = wrapper.application; includeInIndex = 0; path = DotaDairy.app; sourceTree = BUILT_PRODUCTS_DIR; };
		642E94CB2C18FC6D00478AB2 /* DotaDairyApp.swift */ = {isa = PBXFileReference; lastKnownFileType = sourcecode.swift; path = DotaDairyApp.swift; sourceTree = "<group>"; };
		642E94CD2C18FC6D00478AB2 /* ContentView.swift */ = {isa = PBXFileReference; lastKnownFileType = sourcecode.swift; path = ContentView.swift; sourceTree = "<group>"; };
		642E94CF2C18FC6E00478AB2 /* Assets.xcassets */ = {isa = PBXFileReference; lastKnownFileType = folder.assetcatalog; path = Assets.xcassets; sourceTree = "<group>"; };
		642E94D22C18FC6E00478AB2 /* Preview Assets.xcassets */ = {isa = PBXFileReference; lastKnownFileType = folder.assetcatalog; path = "Preview Assets.xcassets"; sourceTree = "<group>"; };
		642E94DA2C18FCA400478AB2 /* MatchesView.swift */ = {isa = PBXFileReference; lastKnownFileType = sourcecode.swift; path = MatchesView.swift; sourceTree = "<group>"; };
		642E94DD2C18FD3500478AB2 /* ColorScheme.swift */ = {isa = PBXFileReference; lastKnownFileType = sourcecode.swift; path = ColorScheme.swift; sourceTree = "<group>"; };
		642E94E02C19086200478AB2 /* AddMatchView.swift */ = {isa = PBXFileReference; lastKnownFileType = sourcecode.swift; path = AddMatchView.swift; sourceTree = "<group>"; };
		64A338572C1FAB08007BA594 /* OneSignalNotificationServiceExtension.appex */ = {isa = PBXFileReference; explicitFileType = "wrapper.app-extension"; includeInIndex = 0; path = OneSignalNotificationServiceExtension.appex; sourceTree = BUILT_PRODUCTS_DIR; };
		64A338592C1FAB08007BA594 /* NotificationService.swift */ = {isa = PBXFileReference; lastKnownFileType = sourcecode.swift; path = NotificationService.swift; sourceTree = "<group>"; };
		64A3385B2C1FAB08007BA594 /* Info.plist */ = {isa = PBXFileReference; lastKnownFileType = text.plist.xml; path = Info.plist; sourceTree = "<group>"; };
		64A338622C1FAB44007BA594 /* OneSignalNotificationServiceExtension.entitlements */ = {isa = PBXFileReference; lastKnownFileType = text.plist.entitlements; path = OneSignalNotificationServiceExtension.entitlements; sourceTree = "<group>"; };
		64A5A8822C21071100EF25CA /* EachMatchView.swift */ = {isa = PBXFileReference; lastKnownFileType = sourcecode.swift; path = EachMatchView.swift; sourceTree = "<group>"; };
		64E53A7D2C1ECE81009A38C5 /* WebViewModel.swift */ = {isa = PBXFileReference; lastKnownFileType = sourcecode.swift; path = WebViewModel.swift; sourceTree = "<group>"; };
		64E53A922C1ED45B009A38C5 /* DotaDairy.entitlements */ = {isa = PBXFileReference; lastKnownFileType = text.plist.entitlements; path = DotaDairy.entitlements; sourceTree = "<group>"; };
		64E53A9C2C1F23BC009A38C5 /* Info.plist */ = {isa = PBXFileReference; lastKnownFileType = text.plist; path = Info.plist; sourceTree = "<group>"; };
		64E625892C287DF000E7E4AF /* FirebaseViewModel.swift */ = {isa = PBXFileReference; lastKnownFileType = sourcecode.swift; path = FirebaseViewModel.swift; sourceTree = "<group>"; };
		64E6258B2C29B65D00E7E4AF /* CookiesWebView.swift */ = {isa = PBXFileReference; lastKnownFileType = sourcecode.swift; path = CookiesWebView.swift; sourceTree = "<group>"; };
		64E6258F2C2C5F9600E7E4AF /* DataModel.swift */ = {isa = PBXFileReference; lastKnownFileType = sourcecode.swift; path = DataModel.swift; sourceTree = "<group>"; };
		64E625912C2CC70700E7E4AF /* OnboardingViewModel.swift */ = {isa = PBXFileReference; lastKnownFileType = sourcecode.swift; path = OnboardingViewModel.swift; sourceTree = "<group>"; };
/* End PBXFileReference section */

/* Begin PBXFrameworksBuildPhase section */
		642E94C52C18FC6D00478AB2 /* Frameworks */ = {
			isa = PBXFrameworksBuildPhase;
			buildActionMask = 2147483647;
			files = (
				64A338692C2051AF007BA594 /* AppMetricaCrashes in Frameworks */,
				64E53A9A2C1ED537009A38C5 /* OneSignalInAppMessages in Frameworks */,
				64E53A982C1ED537009A38C5 /* OneSignalFramework in Frameworks */,
				64A3386B2C2051AF007BA594 /* AppMetricaWebKit in Frameworks */,
				64A338672C2051AF007BA594 /* AppMetricaCore in Frameworks */,
				64E53A812C1ED0A9009A38C5 /* ApphudSDK in Frameworks */,
				64A338652C2051AF007BA594 /* AppMetricaAdSupport in Frameworks */,
				64A3386E2C2051F4007BA594 /* FirebaseRemoteConfig in Frameworks */,
			);
			runOnlyForDeploymentPostprocessing = 0;
		};
		64A338542C1FAB08007BA594 /* Frameworks */ = {
			isa = PBXFrameworksBuildPhase;
			buildActionMask = 2147483647;
			files = (
			);
			runOnlyForDeploymentPostprocessing = 0;
		};
/* End PBXFrameworksBuildPhase section */

/* Begin PBXGroup section */
		6400DC312C19B728006DF41F /* Tournaments */ = {
			isa = PBXGroup;
			children = (
				6400DC322C19B780006DF41F /* TournamentsView.swift */,
				6400DC342C19B790006DF41F /* AddTournamentView.swift */,
				6400DC5D2C1C77BE006DF41F /* EachTournamentView.swift */,
			);
			path = Tournaments;
			sourceTree = "<group>";
		};
		6400DC382C19B7BF006DF41F /* Statistics */ = {
			isa = PBXGroup;
			children = (
				6400DC392C19B7D7006DF41F /* StatisticsView.swift */,
			);
			path = Statistics;
			sourceTree = "<group>";
		};
		6400DC3B2C19B7E7006DF41F /* Settings */ = {
			isa = PBXGroup;
			children = (
				6400DC3C2C19B7F5006DF41F /* SettingsView.swift */,
			);
			path = Settings;
			sourceTree = "<group>";
		};
		6400DC3E2C19F05D006DF41F /* Onboardings */ = {
			isa = PBXGroup;
			children = (
				6400DC492C1A1F13006DF41F /* LoadingView.swift */,
				6400DC3F2C19F092006DF41F /* ReviewerOnboardingView.swift */,
				6400DC412C19F0A7006DF41F /* UserOnboardingView.swift */,
				6400DC562C1BA66A006DF41F /* NotificationsView.swift */,
			);
			path = Onboardings;
			sourceTree = "<group>";
		};
		6400DC4B2C1A3711006DF41F /* Models */ = {
			isa = PBXGroup;
			children = (
				6400DC522C1B61E0006DF41F /* MatchesModel.swift */,
				6400DC4C2C1A3735006DF41F /* TournamentModel.swift */,
				64E53A7D2C1ECE81009A38C5 /* WebViewModel.swift */,
				64E6258F2C2C5F9600E7E4AF /* DataModel.swift */,
			);
			path = Models;
			sourceTree = "<group>";
		};
		642E94BF2C18FC6D00478AB2 = {
			isa = PBXGroup;
			children = (
				642E94CA2C18FC6D00478AB2 /* DotaDairy */,
				64A338582C1FAB08007BA594 /* OneSignalNotificationServiceExtension */,
				642E94C92C18FC6D00478AB2 /* Products */,
				64E53AAC2C1F2B3B009A38C5 /* Frameworks */,
			);
			sourceTree = "<group>";
		};
		642E94C92C18FC6D00478AB2 /* Products */ = {
			isa = PBXGroup;
			children = (
				642E94C82C18FC6D00478AB2 /* DotaDairy.app */,
				64A338572C1FAB08007BA594 /* OneSignalNotificationServiceExtension.appex */,
			);
			name = Products;
			sourceTree = "<group>";
		};
		642E94CA2C18FC6D00478AB2 /* DotaDairy */ = {
			isa = PBXGroup;
			children = (
				64E53A9C2C1F23BC009A38C5 /* Info.plist */,
				642D0E2E2C23362F00A978FF /* GoogleService-Info.plist */,
				64E53A922C1ED45B009A38C5 /* DotaDairy.entitlements */,
				642E94CB2C18FC6D00478AB2 /* DotaDairyApp.swift */,
				64E625882C287D2900E7E4AF /* ViewModel */,
				642E94D92C18FC9200478AB2 /* Views */,
				6400DC4B2C1A3711006DF41F /* Models */,
				642E94DC2C18FD2900478AB2 /* Helpers */,
				642E94CF2C18FC6E00478AB2 /* Assets.xcassets */,
				642E94D12C18FC6E00478AB2 /* Preview Content */,
			);
			path = DotaDairy;
			sourceTree = "<group>";
		};
		642E94D12C18FC6E00478AB2 /* Preview Content */ = {
			isa = PBXGroup;
			children = (
				642E94D22C18FC6E00478AB2 /* Preview Assets.xcassets */,
			);
			path = "Preview Content";
			sourceTree = "<group>";
		};
		642E94D92C18FC9200478AB2 /* Views */ = {
			isa = PBXGroup;
			children = (
				642E94CD2C18FC6D00478AB2 /* ContentView.swift */,
				64E6258B2C29B65D00E7E4AF /* CookiesWebView.swift */,
				642D0E272C2205D600A978FF /* HomeView.swift */,
				6400DC3E2C19F05D006DF41F /* Onboardings */,
				642E94DF2C19083E00478AB2 /* Matches */,
				6400DC312C19B728006DF41F /* Tournaments */,
				6400DC382C19B7BF006DF41F /* Statistics */,
				6400DC3B2C19B7E7006DF41F /* Settings */,
			);
			path = Views;
			sourceTree = "<group>";
		};
		642E94DC2C18FD2900478AB2 /* Helpers */ = {
			isa = PBXGroup;
			children = (
				642E94DD2C18FD3500478AB2 /* ColorScheme.swift */,
				6400DC502C1A6898006DF41F /* NotchChecker.swift */,
				6400DC4E2C1A4850006DF41F /* CustomTabBar.swift */,
				6400DC5A2C1BBF8F006DF41F /* CustomTextField.swift */,
			);
			path = Helpers;
			sourceTree = "<group>";
		};
		642E94DF2C19083E00478AB2 /* Matches */ = {
			isa = PBXGroup;
			children = (
				642E94DA2C18FCA400478AB2 /* MatchesView.swift */,
				642E94E02C19086200478AB2 /* AddMatchView.swift */,
				64A5A8822C21071100EF25CA /* EachMatchView.swift */,
			);
			path = Matches;
			sourceTree = "<group>";
		};
		64A338582C1FAB08007BA594 /* OneSignalNotificationServiceExtension */ = {
			isa = PBXGroup;
			children = (
				64A338622C1FAB44007BA594 /* OneSignalNotificationServiceExtension.entitlements */,
				64A338592C1FAB08007BA594 /* NotificationService.swift */,
				64A3385B2C1FAB08007BA594 /* Info.plist */,
			);
			path = OneSignalNotificationServiceExtension;
			sourceTree = "<group>";
		};
		64E53AAC2C1F2B3B009A38C5 /* Frameworks */ = {
			isa = PBXGroup;
			children = (
			);
			name = Frameworks;
			sourceTree = "<group>";
		};
		64E625882C287D2900E7E4AF /* ViewModel */ = {
			isa = PBXGroup;
			children = (
				64E625892C287DF000E7E4AF /* FirebaseViewModel.swift */,
				64E625912C2CC70700E7E4AF /* OnboardingViewModel.swift */,
			);
			path = ViewModel;
			sourceTree = "<group>";
		};
/* End PBXGroup section */

/* Begin PBXNativeTarget section */
		642E94C72C18FC6D00478AB2 /* DotaDairy */ = {
			isa = PBXNativeTarget;
			buildConfigurationList = 642E94D62C18FC6E00478AB2 /* Build configuration list for PBXNativeTarget "DotaDairy" */;
			buildPhases = (
				642E94C42C18FC6D00478AB2 /* Sources */,
				642E94C52C18FC6D00478AB2 /* Frameworks */,
				642E94C62C18FC6D00478AB2 /* Resources */,
				64E53A912C1ED3B0009A38C5 /* Embed Foundation Extensions */,
			);
			buildRules = (
			);
			dependencies = (
				64A3385D2C1FAB08007BA594 /* PBXTargetDependency */,
			);
			name = DotaDairy;
			packageProductDependencies = (
				64E53A802C1ED0A9009A38C5 /* ApphudSDK */,
				64E53A972C1ED537009A38C5 /* OneSignalFramework */,
				64E53A992C1ED537009A38C5 /* OneSignalInAppMessages */,
				64A338642C2051AF007BA594 /* AppMetricaAdSupport */,
				64A338662C2051AF007BA594 /* AppMetricaCore */,
				64A338682C2051AF007BA594 /* AppMetricaCrashes */,
				64A3386A2C2051AF007BA594 /* AppMetricaWebKit */,
				64A3386D2C2051F4007BA594 /* FirebaseRemoteConfig */,
			);
			productName = DotaDairy;
			productReference = 642E94C82C18FC6D00478AB2 /* DotaDairy.app */;
			productType = "com.apple.product-type.application";
		};
		64A338562C1FAB08007BA594 /* OneSignalNotificationServiceExtension */ = {
			isa = PBXNativeTarget;
			buildConfigurationList = 64A3385F2C1FAB08007BA594 /* Build configuration list for PBXNativeTarget "OneSignalNotificationServiceExtension" */;
			buildPhases = (
				64A338532C1FAB08007BA594 /* Sources */,
				64A338542C1FAB08007BA594 /* Frameworks */,
				64A338552C1FAB08007BA594 /* Resources */,
			);
			buildRules = (
			);
			dependencies = (
			);
			name = OneSignalNotificationServiceExtension;
			productName = OneSignalNotificationServiceExtension;
			productReference = 64A338572C1FAB08007BA594 /* OneSignalNotificationServiceExtension.appex */;
			productType = "com.apple.product-type.app-extension";
		};
/* End PBXNativeTarget section */

/* Begin PBXProject section */
		642E94C02C18FC6D00478AB2 /* Project object */ = {
			isa = PBXProject;
			attributes = {
				BuildIndependentTargetsInParallel = 1;
				LastSwiftUpdateCheck = 1540;
				LastUpgradeCheck = 1540;
				TargetAttributes = {
					642E94C72C18FC6D00478AB2 = {
						CreatedOnToolsVersion = 15.4;
					};
					64A338562C1FAB08007BA594 = {
						CreatedOnToolsVersion = 15.4;
					};
				};
			};
			buildConfigurationList = 642E94C32C18FC6D00478AB2 /* Build configuration list for PBXProject "DotaDairy" */;
			compatibilityVersion = "Xcode 14.0";
			developmentRegion = en;
			hasScannedForEncodings = 0;
			knownRegions = (
				en,
				Base,
			);
			mainGroup = 642E94BF2C18FC6D00478AB2;
			packageReferences = (
				64E53A7F2C1ED0A9009A38C5 /* XCRemoteSwiftPackageReference "ApphudSDK" */,
				64E53A942C1ED537009A38C5 /* XCRemoteSwiftPackageReference "OneSignal-XCFramework" */,
				64A338632C2051AF007BA594 /* XCRemoteSwiftPackageReference "appmetrica-sdk-ios" */,
				64A3386C2C2051F4007BA594 /* XCRemoteSwiftPackageReference "firebase-ios-sdk" */,
			);
			productRefGroup = 642E94C92C18FC6D00478AB2 /* Products */;
			projectDirPath = "";
			projectRoot = "";
			targets = (
				642E94C72C18FC6D00478AB2 /* DotaDairy */,
				64A338562C1FAB08007BA594 /* OneSignalNotificationServiceExtension */,
			);
		};
/* End PBXProject section */

/* Begin PBXResourcesBuildPhase section */
		642E94C62C18FC6D00478AB2 /* Resources */ = {
			isa = PBXResourcesBuildPhase;
			buildActionMask = 2147483647;
			files = (
				642E94D32C18FC6E00478AB2 /* Preview Assets.xcassets in Resources */,
				642E94D02C18FC6E00478AB2 /* Assets.xcassets in Resources */,
				642D0E2F2C23362F00A978FF /* GoogleService-Info.plist in Resources */,
			);
			runOnlyForDeploymentPostprocessing = 0;
		};
		64A338552C1FAB08007BA594 /* Resources */ = {
			isa = PBXResourcesBuildPhase;
			buildActionMask = 2147483647;
			files = (
			);
			runOnlyForDeploymentPostprocessing = 0;
		};
/* End PBXResourcesBuildPhase section */

/* Begin PBXSourcesBuildPhase section */
		642E94C42C18FC6D00478AB2 /* Sources */ = {
			isa = PBXSourcesBuildPhase;
			buildActionMask = 2147483647;
			files = (
				6400DC332C19B780006DF41F /* TournamentsView.swift in Sources */,
				64E53A7E2C1ECE81009A38C5 /* WebViewModel.swift in Sources */,
				6400DC3A2C19B7D7006DF41F /* StatisticsView.swift in Sources */,
				642E94DE2C18FD3500478AB2 /* ColorScheme.swift in Sources */,
				6400DC532C1B61E0006DF41F /* MatchesModel.swift in Sources */,
				64E625902C2C5F9600E7E4AF /* DataModel.swift in Sources */,
				6400DC352C19B790006DF41F /* AddTournamentView.swift in Sources */,
				6400DC5B2C1BBF8F006DF41F /* CustomTextField.swift in Sources */,
				642E94CE2C18FC6D00478AB2 /* ContentView.swift in Sources */,
				6400DC4A2C1A1F13006DF41F /* LoadingView.swift in Sources */,
				64A5A8832C21071100EF25CA /* EachMatchView.swift in Sources */,
				6400DC512C1A6898006DF41F /* NotchChecker.swift in Sources */,
				642E94DB2C18FCA400478AB2 /* MatchesView.swift in Sources */,
				6400DC402C19F092006DF41F /* ReviewerOnboardingView.swift in Sources */,
				642E94CC2C18FC6D00478AB2 /* DotaDairyApp.swift in Sources */,
				642E94E12C19086200478AB2 /* AddMatchView.swift in Sources */,
				6400DC422C19F0A7006DF41F /* UserOnboardingView.swift in Sources */,
				6400DC4D2C1A3735006DF41F /* TournamentModel.swift in Sources */,
				6400DC5E2C1C77BE006DF41F /* EachTournamentView.swift in Sources */,
				64E625922C2CC70700E7E4AF /* OnboardingViewModel.swift in Sources */,
				6400DC3D2C19B7F5006DF41F /* SettingsView.swift in Sources */,
				642D0E282C2205D600A978FF /* HomeView.swift in Sources */,
				6400DC4F2C1A4850006DF41F /* CustomTabBar.swift in Sources */,
				64E6258C2C29B65D00E7E4AF /* CookiesWebView.swift in Sources */,
				64E6258A2C287DF000E7E4AF /* FirebaseViewModel.swift in Sources */,
				6400DC572C1BA66A006DF41F /* NotificationsView.swift in Sources */,
			);
			runOnlyForDeploymentPostprocessing = 0;
		};
		64A338532C1FAB08007BA594 /* Sources */ = {
			isa = PBXSourcesBuildPhase;
			buildActionMask = 2147483647;
			files = (
				64A3385A2C1FAB08007BA594 /* NotificationService.swift in Sources */,
			);
			runOnlyForDeploymentPostprocessing = 0;
		};
/* End PBXSourcesBuildPhase section */

/* Begin PBXTargetDependency section */
		64A3385D2C1FAB08007BA594 /* PBXTargetDependency */ = {
			isa = PBXTargetDependency;
			target = 64A338562C1FAB08007BA594 /* OneSignalNotificationServiceExtension */;
			targetProxy = 64A3385C2C1FAB08007BA594 /* PBXContainerItemProxy */;
		};
/* End PBXTargetDependency section */

/* Begin XCBuildConfiguration section */
		642E94D42C18FC6E00478AB2 /* Debug */ = {
			isa = XCBuildConfiguration;
			buildSettings = {
				ALWAYS_SEARCH_USER_PATHS = NO;
				ASSETCATALOG_COMPILER_GENERATE_SWIFT_ASSET_SYMBOL_EXTENSIONS = YES;
				CLANG_ANALYZER_NONNULL = YES;
				CLANG_ANALYZER_NUMBER_OBJECT_CONVERSION = YES_AGGRESSIVE;
				CLANG_CXX_LANGUAGE_STANDARD = "gnu++20";
				CLANG_ENABLE_MODULES = YES;
				CLANG_ENABLE_OBJC_ARC = YES;
				CLANG_ENABLE_OBJC_WEAK = YES;
				CLANG_WARN_BLOCK_CAPTURE_AUTORELEASING = YES;
				CLANG_WARN_BOOL_CONVERSION = YES;
				CLANG_WARN_COMMA = YES;
				CLANG_WARN_CONSTANT_CONVERSION = YES;
				CLANG_WARN_DEPRECATED_OBJC_IMPLEMENTATIONS = YES;
				CLANG_WARN_DIRECT_OBJC_ISA_USAGE = YES_ERROR;
				CLANG_WARN_DOCUMENTATION_COMMENTS = YES;
				CLANG_WARN_EMPTY_BODY = YES;
				CLANG_WARN_ENUM_CONVERSION = YES;
				CLANG_WARN_INFINITE_RECURSION = YES;
				CLANG_WARN_INT_CONVERSION = YES;
				CLANG_WARN_NON_LITERAL_NULL_CONVERSION = YES;
				CLANG_WARN_OBJC_IMPLICIT_RETAIN_SELF = YES;
				CLANG_WARN_OBJC_LITERAL_CONVERSION = YES;
				CLANG_WARN_OBJC_ROOT_CLASS = YES_ERROR;
				CLANG_WARN_QUOTED_INCLUDE_IN_FRAMEWORK_HEADER = YES;
				CLANG_WARN_RANGE_LOOP_ANALYSIS = YES;
				CLANG_WARN_STRICT_PROTOTYPES = YES;
				CLANG_WARN_SUSPICIOUS_MOVE = YES;
				CLANG_WARN_UNGUARDED_AVAILABILITY = YES_AGGRESSIVE;
				CLANG_WARN_UNREACHABLE_CODE = YES;
				CLANG_WARN__DUPLICATE_METHOD_MATCH = YES;
				COPY_PHASE_STRIP = NO;
				DEBUG_INFORMATION_FORMAT = dwarf;
				ENABLE_STRICT_OBJC_MSGSEND = YES;
				ENABLE_TESTABILITY = YES;
				ENABLE_USER_SCRIPT_SANDBOXING = YES;
				GCC_C_LANGUAGE_STANDARD = gnu17;
				GCC_DYNAMIC_NO_PIC = NO;
				GCC_NO_COMMON_BLOCKS = YES;
				GCC_OPTIMIZATION_LEVEL = 0;
				GCC_PREPROCESSOR_DEFINITIONS = (
					"DEBUG=1",
					"$(inherited)",
				);
				GCC_WARN_64_TO_32_BIT_CONVERSION = YES;
				GCC_WARN_ABOUT_RETURN_TYPE = YES_ERROR;
				GCC_WARN_UNDECLARED_SELECTOR = YES;
				GCC_WARN_UNINITIALIZED_AUTOS = YES_AGGRESSIVE;
				GCC_WARN_UNUSED_FUNCTION = YES;
				GCC_WARN_UNUSED_VARIABLE = YES;
				IPHONEOS_DEPLOYMENT_TARGET = 17.5;
				LOCALIZATION_PREFERS_STRING_CATALOGS = YES;
				MTL_ENABLE_DEBUG_INFO = INCLUDE_SOURCE;
				MTL_FAST_MATH = YES;
				ONLY_ACTIVE_ARCH = YES;
				SDKROOT = iphoneos;
				SWIFT_ACTIVE_COMPILATION_CONDITIONS = "DEBUG $(inherited)";
				SWIFT_OPTIMIZATION_LEVEL = "-Onone";
			};
			name = Debug;
		};
		642E94D52C18FC6E00478AB2 /* Release */ = {
			isa = XCBuildConfiguration;
			buildSettings = {
				ALWAYS_SEARCH_USER_PATHS = NO;
				ASSETCATALOG_COMPILER_GENERATE_SWIFT_ASSET_SYMBOL_EXTENSIONS = YES;
				CLANG_ANALYZER_NONNULL = YES;
				CLANG_ANALYZER_NUMBER_OBJECT_CONVERSION = YES_AGGRESSIVE;
				CLANG_CXX_LANGUAGE_STANDARD = "gnu++20";
				CLANG_ENABLE_MODULES = YES;
				CLANG_ENABLE_OBJC_ARC = YES;
				CLANG_ENABLE_OBJC_WEAK = YES;
				CLANG_WARN_BLOCK_CAPTURE_AUTORELEASING = YES;
				CLANG_WARN_BOOL_CONVERSION = YES;
				CLANG_WARN_COMMA = YES;
				CLANG_WARN_CONSTANT_CONVERSION = YES;
				CLANG_WARN_DEPRECATED_OBJC_IMPLEMENTATIONS = YES;
				CLANG_WARN_DIRECT_OBJC_ISA_USAGE = YES_ERROR;
				CLANG_WARN_DOCUMENTATION_COMMENTS = YES;
				CLANG_WARN_EMPTY_BODY = YES;
				CLANG_WARN_ENUM_CONVERSION = YES;
				CLANG_WARN_INFINITE_RECURSION = YES;
				CLANG_WARN_INT_CONVERSION = YES;
				CLANG_WARN_NON_LITERAL_NULL_CONVERSION = YES;
				CLANG_WARN_OBJC_IMPLICIT_RETAIN_SELF = YES;
				CLANG_WARN_OBJC_LITERAL_CONVERSION = YES;
				CLANG_WARN_OBJC_ROOT_CLASS = YES_ERROR;
				CLANG_WARN_QUOTED_INCLUDE_IN_FRAMEWORK_HEADER = YES;
				CLANG_WARN_RANGE_LOOP_ANALYSIS = YES;
				CLANG_WARN_STRICT_PROTOTYPES = YES;
				CLANG_WARN_SUSPICIOUS_MOVE = YES;
				CLANG_WARN_UNGUARDED_AVAILABILITY = YES_AGGRESSIVE;
				CLANG_WARN_UNREACHABLE_CODE = YES;
				CLANG_WARN__DUPLICATE_METHOD_MATCH = YES;
				COPY_PHASE_STRIP = NO;
				DEBUG_INFORMATION_FORMAT = "dwarf-with-dsym";
				ENABLE_NS_ASSERTIONS = NO;
				ENABLE_STRICT_OBJC_MSGSEND = YES;
				ENABLE_USER_SCRIPT_SANDBOXING = YES;
				GCC_C_LANGUAGE_STANDARD = gnu17;
				GCC_NO_COMMON_BLOCKS = YES;
				GCC_WARN_64_TO_32_BIT_CONVERSION = YES;
				GCC_WARN_ABOUT_RETURN_TYPE = YES_ERROR;
				GCC_WARN_UNDECLARED_SELECTOR = YES;
				GCC_WARN_UNINITIALIZED_AUTOS = YES_AGGRESSIVE;
				GCC_WARN_UNUSED_FUNCTION = YES;
				GCC_WARN_UNUSED_VARIABLE = YES;
				IPHONEOS_DEPLOYMENT_TARGET = 17.5;
				LOCALIZATION_PREFERS_STRING_CATALOGS = YES;
				MTL_ENABLE_DEBUG_INFO = NO;
				MTL_FAST_MATH = YES;
				SDKROOT = iphoneos;
				SWIFT_COMPILATION_MODE = wholemodule;
				VALIDATE_PRODUCT = YES;
			};
			name = Release;
		};
		642E94D72C18FC6E00478AB2 /* Debug */ = {
			isa = XCBuildConfiguration;
			buildSettings = {
				ALWAYS_EMBED_SWIFT_STANDARD_LIBRARIES = YES;
				ASSETCATALOG_COMPILER_APPICON_NAME = AppIcon;
				ASSETCATALOG_COMPILER_GLOBAL_ACCENT_COLOR_NAME = AccentColor;
				CODE_SIGN_ENTITLEMENTS = DotaDairy/DotaDairy.entitlements;
				CODE_SIGN_STYLE = Automatic;
				CURRENT_PROJECT_VERSION = 1;
				DEVELOPMENT_ASSET_PATHS = "\"DotaDairy/Preview Content\"";
				DEVELOPMENT_TEAM = 5R537FQZP7;
				ENABLE_PREVIEWS = YES;
				GENERATE_INFOPLIST_FILE = YES;
				INFOPLIST_FILE = DotaDairy/Info.plist;
				INFOPLIST_KEY_CFBundleDisplayName = "Esport Insight Tracker\nEsport Insight Tracker\nEsport Insight Tracker";
				INFOPLIST_KEY_UIApplicationSceneManifest_Generation = YES;
				INFOPLIST_KEY_UIApplicationSupportsIndirectInputEvents = YES;
				INFOPLIST_KEY_UILaunchScreen_Generation = YES;
				INFOPLIST_KEY_UISupportedInterfaceOrientations_iPad = "UIInterfaceOrientationPortrait UIInterfaceOrientationPortraitUpsideDown UIInterfaceOrientationLandscapeLeft UIInterfaceOrientationLandscapeRight";
				INFOPLIST_KEY_UISupportedInterfaceOrientations_iPhone = "UIInterfaceOrientationPortrait UIInterfaceOrientationLandscapeLeft UIInterfaceOrientationLandscapeRight";
				IPHONEOS_DEPLOYMENT_TARGET = 14.0;
				LD_RUNPATH_SEARCH_PATHS = (
					"$(inherited)",
					"@executable_path/Frameworks",
				);
				MARKETING_VERSION = 1.0;
				PRODUCT_BUNDLE_IDENTIFIER = pkotenko.DotaDairy;
				PRODUCT_NAME = "$(TARGET_NAME)";
				SWIFT_EMIT_LOC_STRINGS = YES;
				SWIFT_VERSION = 5.0;
				TARGETED_DEVICE_FAMILY = "1,2";
			};
			name = Debug;
		};
		642E94D82C18FC6E00478AB2 /* Release */ = {
			isa = XCBuildConfiguration;
			buildSettings = {
				ALWAYS_EMBED_SWIFT_STANDARD_LIBRARIES = YES;
				ASSETCATALOG_COMPILER_APPICON_NAME = AppIcon;
				ASSETCATALOG_COMPILER_GLOBAL_ACCENT_COLOR_NAME = AccentColor;
				CODE_SIGN_ENTITLEMENTS = DotaDairy/DotaDairy.entitlements;
				CODE_SIGN_STYLE = Automatic;
				CURRENT_PROJECT_VERSION = 1;
				DEVELOPMENT_ASSET_PATHS = "\"DotaDairy/Preview Content\"";
				DEVELOPMENT_TEAM = 5R537FQZP7;
				ENABLE_PREVIEWS = YES;
				GENERATE_INFOPLIST_FILE = YES;
				INFOPLIST_FILE = DotaDairy/Info.plist;
				INFOPLIST_KEY_CFBundleDisplayName = "Esport Insight Tracker\nEsport Insight Tracker\nEsport Insight Tracker";
				INFOPLIST_KEY_UIApplicationSceneManifest_Generation = YES;
				INFOPLIST_KEY_UIApplicationSupportsIndirectInputEvents = YES;
				INFOPLIST_KEY_UILaunchScreen_Generation = YES;
				INFOPLIST_KEY_UISupportedInterfaceOrientations_iPad = "UIInterfaceOrientationPortrait UIInterfaceOrientationPortraitUpsideDown UIInterfaceOrientationLandscapeLeft UIInterfaceOrientationLandscapeRight";
				INFOPLIST_KEY_UISupportedInterfaceOrientations_iPhone = "UIInterfaceOrientationPortrait UIInterfaceOrientationLandscapeLeft UIInterfaceOrientationLandscapeRight";
				IPHONEOS_DEPLOYMENT_TARGET = 14.0;
				LD_RUNPATH_SEARCH_PATHS = (
					"$(inherited)",
					"@executable_path/Frameworks",
				);
				MARKETING_VERSION = 1.0;
				PRODUCT_BUNDLE_IDENTIFIER = pkotenko.DotaDairy;
				PRODUCT_NAME = "$(TARGET_NAME)";
				SWIFT_EMIT_LOC_STRINGS = YES;
				SWIFT_VERSION = 5.0;
				TARGETED_DEVICE_FAMILY = "1,2";
			};
			name = Release;
		};
		64A338602C1FAB08007BA594 /* Debug */ = {
			isa = XCBuildConfiguration;
			buildSettings = {
				CODE_SIGN_ENTITLEMENTS = OneSignalNotificationServiceExtension/OneSignalNotificationServiceExtension.entitlements;
				CODE_SIGN_STYLE = Automatic;
				CURRENT_PROJECT_VERSION = 1;
				DEVELOPMENT_TEAM = 5R537FQZP7;
				GENERATE_INFOPLIST_FILE = YES;
				INFOPLIST_FILE = OneSignalNotificationServiceExtension/Info.plist;
				INFOPLIST_KEY_CFBundleDisplayName = OneSignalNotificationServiceExtension;
				INFOPLIST_KEY_NSHumanReadableCopyright = "";
				IPHONEOS_DEPLOYMENT_TARGET = 14.0;
				LD_RUNPATH_SEARCH_PATHS = (
					"$(inherited)",
					"@executable_path/Frameworks",
					"@executable_path/../../Frameworks",
				);
				MARKETING_VERSION = 1.0;
				PRODUCT_BUNDLE_IDENTIFIER = pkotenko.DotaDairy.OneSignalNotificationServiceExtension;
				PRODUCT_NAME = "$(TARGET_NAME)";
				SKIP_INSTALL = YES;
				SWIFT_EMIT_LOC_STRINGS = YES;
				SWIFT_VERSION = 5.0;
				TARGETED_DEVICE_FAMILY = "1,2";
			};
			name = Debug;
		};
		64A338612C1FAB08007BA594 /* Release */ = {
			isa = XCBuildConfiguration;
			buildSettings = {
				CODE_SIGN_ENTITLEMENTS = OneSignalNotificationServiceExtension/OneSignalNotificationServiceExtension.entitlements;
				CODE_SIGN_STYLE = Automatic;
				CURRENT_PROJECT_VERSION = 1;
				DEVELOPMENT_TEAM = 5R537FQZP7;
				GENERATE_INFOPLIST_FILE = YES;
				INFOPLIST_FILE = OneSignalNotificationServiceExtension/Info.plist;
				INFOPLIST_KEY_CFBundleDisplayName = OneSignalNotificationServiceExtension;
				INFOPLIST_KEY_NSHumanReadableCopyright = "";
				IPHONEOS_DEPLOYMENT_TARGET = 14.0;
				LD_RUNPATH_SEARCH_PATHS = (
					"$(inherited)",
					"@executable_path/Frameworks",
					"@executable_path/../../Frameworks",
				);
				MARKETING_VERSION = 1.0;
				PRODUCT_BUNDLE_IDENTIFIER = pkotenko.DotaDairy.OneSignalNotificationServiceExtension;
				PRODUCT_NAME = "$(TARGET_NAME)";
				SKIP_INSTALL = YES;
				SWIFT_EMIT_LOC_STRINGS = YES;
				SWIFT_VERSION = 5.0;
				TARGETED_DEVICE_FAMILY = "1,2";
			};
			name = Release;
		};
/* End XCBuildConfiguration section */

/* Begin XCConfigurationList section */
		642E94C32C18FC6D00478AB2 /* Build configuration list for PBXProject "DotaDairy" */ = {
			isa = XCConfigurationList;
			buildConfigurations = (
				642E94D42C18FC6E00478AB2 /* Debug */,
				642E94D52C18FC6E00478AB2 /* Release */,
			);
			defaultConfigurationIsVisible = 0;
			defaultConfigurationName = Release;
		};
		642E94D62C18FC6E00478AB2 /* Build configuration list for PBXNativeTarget "DotaDairy" */ = {
			isa = XCConfigurationList;
			buildConfigurations = (
				642E94D72C18FC6E00478AB2 /* Debug */,
				642E94D82C18FC6E00478AB2 /* Release */,
			);
			defaultConfigurationIsVisible = 0;
			defaultConfigurationName = Release;
		};
		64A3385F2C1FAB08007BA594 /* Build configuration list for PBXNativeTarget "OneSignalNotificationServiceExtension" */ = {
			isa = XCConfigurationList;
			buildConfigurations = (
				64A338602C1FAB08007BA594 /* Debug */,
				64A338612C1FAB08007BA594 /* Release */,
			);
			defaultConfigurationIsVisible = 0;
			defaultConfigurationName = Release;
		};
/* End XCConfigurationList section */

/* Begin XCRemoteSwiftPackageReference section */
		64A338632C2051AF007BA594 /* XCRemoteSwiftPackageReference "appmetrica-sdk-ios" */ = {
			isa = XCRemoteSwiftPackageReference;
			repositoryURL = "https://github.com/appmetrica/appmetrica-sdk-ios";
			requirement = {
				kind = upToNextMajorVersion;
				minimumVersion = 5.4.0;
			};
		};
		64A3386C2C2051F4007BA594 /* XCRemoteSwiftPackageReference "firebase-ios-sdk" */ = {
			isa = XCRemoteSwiftPackageReference;
			repositoryURL = "https://github.com/firebase/firebase-ios-sdk.git";
			requirement = {
				kind = upToNextMajorVersion;
				minimumVersion = 10.27.0;
			};
		};
		64E53A7F2C1ED0A9009A38C5 /* XCRemoteSwiftPackageReference "ApphudSDK" */ = {
			isa = XCRemoteSwiftPackageReference;
			repositoryURL = "https://github.com/apphud/ApphudSDK";
			requirement = {
				kind = upToNextMajorVersion;
				minimumVersion = 3.3.8;
			};
		};
		64E53A942C1ED537009A38C5 /* XCRemoteSwiftPackageReference "OneSignal-XCFramework" */ = {
			isa = XCRemoteSwiftPackageReference;
			repositoryURL = "https://github.com/OneSignal/OneSignal-XCFramework";
			requirement = {
				kind = upToNextMajorVersion;
				minimumVersion = 5.2.1;
			};
		};
/* End XCRemoteSwiftPackageReference section */

/* Begin XCSwiftPackageProductDependency section */
		64A338642C2051AF007BA594 /* AppMetricaAdSupport */ = {
			isa = XCSwiftPackageProductDependency;
			package = 64A338632C2051AF007BA594 /* XCRemoteSwiftPackageReference "appmetrica-sdk-ios" */;
			productName = AppMetricaAdSupport;
		};
		64A338662C2051AF007BA594 /* AppMetricaCore */ = {
			isa = XCSwiftPackageProductDependency;
			package = 64A338632C2051AF007BA594 /* XCRemoteSwiftPackageReference "appmetrica-sdk-ios" */;
			productName = AppMetricaCore;
		};
		64A338682C2051AF007BA594 /* AppMetricaCrashes */ = {
			isa = XCSwiftPackageProductDependency;
			package = 64A338632C2051AF007BA594 /* XCRemoteSwiftPackageReference "appmetrica-sdk-ios" */;
			productName = AppMetricaCrashes;
		};
		64A3386A2C2051AF007BA594 /* AppMetricaWebKit */ = {
			isa = XCSwiftPackageProductDependency;
			package = 64A338632C2051AF007BA594 /* XCRemoteSwiftPackageReference "appmetrica-sdk-ios" */;
			productName = AppMetricaWebKit;
		};
		64A3386D2C2051F4007BA594 /* FirebaseRemoteConfig */ = {
			isa = XCSwiftPackageProductDependency;
			package = 64A3386C2C2051F4007BA594 /* XCRemoteSwiftPackageReference "firebase-ios-sdk" */;
			productName = FirebaseRemoteConfig;
		};
		64E53A802C1ED0A9009A38C5 /* ApphudSDK */ = {
			isa = XCSwiftPackageProductDependency;
			package = 64E53A7F2C1ED0A9009A38C5 /* XCRemoteSwiftPackageReference "ApphudSDK" */;
			productName = ApphudSDK;
		};
		64E53A972C1ED537009A38C5 /* OneSignalFramework */ = {
			isa = XCSwiftPackageProductDependency;
			package = 64E53A942C1ED537009A38C5 /* XCRemoteSwiftPackageReference "OneSignal-XCFramework" */;
			productName = OneSignalFramework;
		};
		64E53A992C1ED537009A38C5 /* OneSignalInAppMessages */ = {
			isa = XCSwiftPackageProductDependency;
			package = 64E53A942C1ED537009A38C5 /* XCRemoteSwiftPackageReference "OneSignal-XCFramework" */;
			productName = OneSignalInAppMessages;
		};
/* End XCSwiftPackageProductDependency section */
	};
	rootObject = 642E94C02C18FC6D00478AB2 /* Project object */;
}
